
Microsoft Visual Studio Solution File, Format Version 12.00
# Visual Studio Version 16
VisualStudioVersion = 16.0.31424.327
MinimumVisualStudioVersion = 10.0.40219.1
Project("{FAE04EC0-301F-11D3-BF4B-00C04F79EFBC}") = "TestDll", "TestDll\TestDll.csproj", "{AE40FAE4-825A-4ACE-AD65-C21C166BACD3}"
EndProject
Project("{FAE04EC0-301F-11D3-BF4B-00C04F79EFBC}") = "Profession", "Profession\Profession.csproj", "{9B410AC5-DD05-4A1B-94A3-2EBB2729BBF7}"
EndProject
Global
	GlobalSection(SolutionConfigurationPlatforms) = preSolution
		Debug|Any CPU = Debug|Any CPU
		Release|Any CPU = Release|Any CPU
	EndGlobalSection
	GlobalSection(ProjectConfigurationPlatforms) = postSolution
		{AE40FAE4-825A-4ACE-AD65-C21C166BACD3}.Debug|Any CPU.ActiveCfg = Debug|Any CPU
		{AE40FAE4-825A-4ACE-AD65-C21C166BACD3}.Debug|Any CPU.Build.0 = Debug|Any CPU
		{AE40FAE4-825A-4ACE-AD65-C21C166BACD3}.Release|Any CPU.ActiveCfg = Release|Any CPU
		{AE40FAE4-825A-4ACE-AD65-C21C166BACD3}.Release|Any CPU.Build.0 = Release|Any CPU
		{9B410AC5-DD05-4A1B-94A3-2EBB2729BBF7}.Debug|Any CPU.ActiveCfg = Debug|Any CPU
		{9B410AC5-DD05-4A1B-94A3-2EBB2729BBF7}.Debug|Any CPU.Build.0 = Debug|Any CPU
		{9B410AC5-DD05-4A1B-94A3-2EBB2729BBF7}.Release|Any CPU.ActiveCfg = Release|Any CPU
		{9B410AC5-DD05-4A1B-94A3-2EBB2729BBF7}.Release|Any CPU.Build.0 = Release|Any CPU
	EndGlobalSection
	GlobalSection(SolutionProperties) = preSolution
		HideSolutionNode = FALSE
	EndGlobalSection
	GlobalSection(ExtensibilityGlobals) = postSolution
		SolutionGuid = {264E0DC9-C613-4E63-864F-50CE3A1F2EF2}
	EndGlobalSection
EndGlobal
