
Microsoft Visual Studio Solution File, Format Version 12.00
# Visual Studio Version 17
VisualStudioVersion = 17.8.34316.72
MinimumVisualStudioVersion = 10.0.40219.1
Project("{FAE04EC0-301F-11D3-BF4B-00C04F79EFBC}") = "TestDll", "TestDll\TestDll.csproj", "{AE40FAE4-825A-4ACE-AD65-C21C166BACD3}"
EndProject
Project("{9A19103F-16F7-4668-BE54-9A1E7A4F7556}") = "Profession", "Profession\Profession.csproj", "{9B410AC5-DD05-4A1B-94A3-2EBB2729BBF7}"
EndProject
Project("{9A19103F-16F7-4668-BE54-9A1E7A4F7556}") = "TestIISTimeout", "TestIISTimeout\TestIISTimeout.csproj", "{E0CA9F6F-E628-435E-A78A-23469D96A8EE}"
EndProject
Project("{9A19103F-16F7-4668-BE54-9A1E7A4F7556}") = "SpikeHangfire", "SpikeHangfire\SpikeHangfire.csproj", "{E45F3CCF-2D09-44F0-BDE1-DDD9B6F8ACF7}"
EndProject
Project("{9A19103F-16F7-4668-BE54-9A1E7A4F7556}") = "StandAloneDB", "StandAloneDB\StandAloneDB.csproj", "{0F2EF2C1-D2D1-4735-AB01-3CC2D1FB4234}"
EndProject
Project("{FAE04EC0-301F-11D3-BF4B-00C04F79EFBC}") = "CoreConsole", "CoreConsole\CoreConsole.csproj", "{B46DEA7B-7E52-494D-8ADE-64EE90CEF668}"
EndProject
Global
	GlobalSection(SolutionConfigurationPlatforms) = preSolution
		Debug|Any CPU = Debug|Any CPU
		Release|Any CPU = Release|Any CPU
	EndGlobalSection
	GlobalSection(ProjectConfigurationPlatforms) = postSolution
		{AE40FAE4-825A-4ACE-AD65-C21C166BACD3}.Debug|Any CPU.ActiveCfg = Debug|Any CPU
		{AE40FAE4-825A-4ACE-AD65-C21C166BACD3}.Debug|Any CPU.Build.0 = Debug|Any CPU
		{AE40FAE4-825A-4ACE-AD65-C21C166BACD3}.Release|Any CPU.ActiveCfg = Release|Any CPU
		{AE40FAE4-825A-4ACE-AD65-C21C166BACD3}.Release|Any CPU.Build.0 = Release|Any CPU
		{9B410AC5-DD05-4A1B-94A3-2EBB2729BBF7}.Debug|Any CPU.ActiveCfg = Debug|Any CPU
		{9B410AC5-DD05-4A1B-94A3-2EBB2729BBF7}.Debug|Any CPU.Build.0 = Debug|Any CPU
		{9B410AC5-DD05-4A1B-94A3-2EBB2729BBF7}.Release|Any CPU.ActiveCfg = Release|Any CPU
		{9B410AC5-DD05-4A1B-94A3-2EBB2729BBF7}.Release|Any CPU.Build.0 = Release|Any CPU
		{E0CA9F6F-E628-435E-A78A-23469D96A8EE}.Debug|Any CPU.ActiveCfg = Debug|Any CPU
		{E0CA9F6F-E628-435E-A78A-23469D96A8EE}.Debug|Any CPU.Build.0 = Debug|Any CPU
		{E0CA9F6F-E628-435E-A78A-23469D96A8EE}.Release|Any CPU.ActiveCfg = Release|Any CPU
		{E0CA9F6F-E628-435E-A78A-23469D96A8EE}.Release|Any CPU.Build.0 = Release|Any CPU
		{E45F3CCF-2D09-44F0-BDE1-DDD9B6F8ACF7}.Debug|Any CPU.ActiveCfg = Debug|Any CPU
		{E45F3CCF-2D09-44F0-BDE1-DDD9B6F8ACF7}.Debug|Any CPU.Build.0 = Debug|Any CPU
		{E45F3CCF-2D09-44F0-BDE1-DDD9B6F8ACF7}.Release|Any CPU.ActiveCfg = Release|Any CPU
		{E45F3CCF-2D09-44F0-BDE1-DDD9B6F8ACF7}.Release|Any CPU.Build.0 = Release|Any CPU
		{0F2EF2C1-D2D1-4735-AB01-3CC2D1FB4234}.Debug|Any CPU.ActiveCfg = Debug|Any CPU
		{0F2EF2C1-D2D1-4735-AB01-3CC2D1FB4234}.Debug|Any CPU.Build.0 = Debug|Any CPU
		{0F2EF2C1-D2D1-4735-AB01-3CC2D1FB4234}.Release|Any CPU.ActiveCfg = Release|Any CPU
		{0F2EF2C1-D2D1-4735-AB01-3CC2D1FB4234}.Release|Any CPU.Build.0 = Release|Any CPU
		{B46DEA7B-7E52-494D-8ADE-64EE90CEF668}.Debug|Any CPU.ActiveCfg = Debug|Any CPU
		{B46DEA7B-7E52-494D-8ADE-64EE90CEF668}.Debug|Any CPU.Build.0 = Debug|Any CPU
		{B46DEA7B-7E52-494D-8ADE-64EE90CEF668}.Release|Any CPU.ActiveCfg = Release|Any CPU
		{B46DEA7B-7E52-494D-8ADE-64EE90CEF668}.Release|Any CPU.Build.0 = Release|Any CPU
	EndGlobalSection
	GlobalSection(SolutionProperties) = preSolution
		HideSolutionNode = FALSE
	EndGlobalSection
	GlobalSection(ExtensibilityGlobals) = postSolution
		SolutionGuid = {264E0DC9-C613-4E63-864F-50CE3A1F2EF2}
	EndGlobalSection
EndGlobal
